
Microsoft Visual Studio Solution File, Format Version 12.00
# Visual Studio Version 17
VisualStudioVersion = 17.0.32126.317
MinimumVisualStudioVersion = 10.0.40219.1
Project("{FAE04EC0-301F-11D3-BF4B-00C04F79EFBC}") = "PrestigiousPrestigeClasses", "Prestigious Prestige Classes\PrestigiousPrestigeClasses.csproj", "{FEB5A750-3AAA-4618-83DE-8D69378EB7DA}"
EndProject
Global
	GlobalSection(SolutionConfigurationPlatforms) = preSolution
		Debug|Any CPU = Debug|Any CPU
		Release|Any CPU = Release|Any CPU
	EndGlobalSection
	GlobalSection(ProjectConfigurationPlatforms) = postSolution
		{FEB5A750-3AAA-4618-83DE-8D69378EB7DA}.Debug|Any CPU.ActiveCfg = Release|Any CPU
		{FEB5A750-3AAA-4618-83DE-8D69378EB7DA}.Debug|Any CPU.Build.0 = Release|Any CPU
		{FEB5A750-3AAA-4618-83DE-8D69378EB7DA}.Release|Any CPU.ActiveCfg = Release|Any CPU
		{FEB5A750-3AAA-4618-83DE-8D69378EB7DA}.Release|Any CPU.Build.0 = Release|Any CPU
	EndGlobalSection
	GlobalSection(SolutionProperties) = preSolution
		HideSolutionNode = FALSE
	EndGlobalSection
	GlobalSection(ExtensibilityGlobals) = postSolution
		SolutionGuid = {0306DB47-8C5F-43FF-98C2-CC3FC6FDCC7E}
	EndGlobalSection
EndGlobal
